
Microsoft Visual Studio Solution File, Format Version 12.00
# Visual Studio Version 17
VisualStudioVersion = 17.14.36717.8
MinimumVisualStudioVersion = 10.0.40219.1
Project("{FAE04EC0-301F-11D3-BF4B-00C04F79EFBC}") = "ChatApp.Server", "ChatApp.Server\ChatApp.Server.csproj", "{F98E3396-727F-4071-939A-97850C0283E4}"
EndProject
Global
	GlobalSection(SolutionConfigurationPlatforms) = preSolution
		Debug|Any CPU = Debug|Any CPU
		Release|Any CPU = Release|Any CPU
	EndGlobalSection
	GlobalSection(ProjectConfigurationPlatforms) = postSolution
		{F98E3396-727F-4071-939A-97850C0283E4}.Debug|Any CPU.ActiveCfg = Debug|Any CPU
		{F98E3396-727F-4071-939A-97850C0283E4}.Debug|Any CPU.Build.0 = Debug|Any CPU
		{F98E3396-727F-4071-939A-97850C0283E4}.Release|Any CPU.ActiveCfg = Release|Any CPU
		{F98E3396-727F-4071-939A-97850C0283E4}.Release|Any CPU.Build.0 = Release|Any CPU
	EndGlobalSection
	GlobalSection(SolutionProperties) = preSolution
		HideSolutionNode = FALSE
	EndGlobalSection
	GlobalSection(ExtensibilityGlobals) = postSolution
		SolutionGuid = {FE050935-8526-425E-ADA7-8A1F75F1FE71}
	EndGlobalSection
EndGlobal
